
Microsoft Visual Studio Solution File, Format Version 12.00
# Visual Studio Version 17
VisualStudioVersion = 17.0.31903.59
MinimumVisualStudioVersion = 10.0.40219.1
Project("{2150E333-8FDC-42A3-9474-1A3956D46DE8}") = "src", "src", "{827E0CD3-B72D-47B6-A68D-7590B98EB39B}"
EndProject
Project("{FAE04EC0-301F-11D3-BF4B-00C04F79EFBC}") = "FlickerFlow.Abstractions", "src\FlickerFlow.Abstractions\FlickerFlow.Abstractions.csproj", "{69816601-22C3-45E5-A059-A062648ECB0C}"
EndProject
Project("{FAE04EC0-301F-11D3-BF4B-00C04F79EFBC}") = "FlickerFlow.Core", "src\FlickerFlow.Core\FlickerFlow.Core.csproj", "{5E13B76B-39D1-418A-9B68-13AB4D6ECA5E}"
EndProject
Project("{FAE04EC0-301F-11D3-BF4B-00C04F79EFBC}") = "FlickerFlow.Transports.InMemory", "src\FlickerFlow.Transports.InMemory\FlickerFlow.Transports.InMemory.csproj", "{F748E079-F683-4151-8E8D-B6FBD976C45B}"
EndProject
Project("{FAE04EC0-301F-11D3-BF4B-00C04F79EFBC}") = "FlickerFlow.Transports.RabbitMq", "src\FlickerFlow.Transports.RabbitMq\FlickerFlow.Transports.RabbitMq.csproj", "{5B0AAE4C-799E-459C-B34B-2059050A0637}"
EndProject
Global
	GlobalSection(SolutionConfigurationPlatforms) = preSolution
		Debug|Any CPU = Debug|Any CPU
		Debug|x64 = Debug|x64
		Debug|x86 = Debug|x86
		Release|Any CPU = Release|Any CPU
		Release|x64 = Release|x64
		Release|x86 = Release|x86
	EndGlobalSection
	GlobalSection(ProjectConfigurationPlatforms) = postSolution
		{69816601-22C3-45E5-A059-A062648ECB0C}.Debug|Any CPU.ActiveCfg = Debug|Any CPU
		{69816601-22C3-45E5-A059-A062648ECB0C}.Debug|Any CPU.Build.0 = Debug|Any CPU
		{69816601-22C3-45E5-A059-A062648ECB0C}.Debug|x64.ActiveCfg = Debug|Any CPU
		{69816601-22C3-45E5-A059-A062648ECB0C}.Debug|x64.Build.0 = Debug|Any CPU
		{69816601-22C3-45E5-A059-A062648ECB0C}.Debug|x86.ActiveCfg = Debug|Any CPU
		{69816601-22C3-45E5-A059-A062648ECB0C}.Debug|x86.Build.0 = Debug|Any CPU
		{69816601-22C3-45E5-A059-A062648ECB0C}.Release|Any CPU.ActiveCfg = Release|Any CPU
		{69816601-22C3-45E5-A059-A062648ECB0C}.Release|Any CPU.Build.0 = Release|Any CPU
		{69816601-22C3-45E5-A059-A062648ECB0C}.Release|x64.ActiveCfg = Release|Any CPU
		{69816601-22C3-45E5-A059-A062648ECB0C}.Release|x64.Build.0 = Release|Any CPU
		{69816601-22C3-45E5-A059-A062648ECB0C}.Release|x86.ActiveCfg = Release|Any CPU
		{69816601-22C3-45E5-A059-A062648ECB0C}.Release|x86.Build.0 = Release|Any CPU
		{5E13B76B-39D1-418A-9B68-13AB4D6ECA5E}.Debug|Any CPU.ActiveCfg = Debug|Any CPU
		{5E13B76B-39D1-418A-9B68-13AB4D6ECA5E}.Debug|Any CPU.Build.0 = Debug|Any CPU
		{5E13B76B-39D1-418A-9B68-13AB4D6ECA5E}.Debug|x64.ActiveCfg = Debug|Any CPU
		{5E13B76B-39D1-418A-9B68-13AB4D6ECA5E}.Debug|x64.Build.0 = Debug|Any CPU
		{5E13B76B-39D1-418A-9B68-13AB4D6ECA5E}.Debug|x86.ActiveCfg = Debug|Any CPU
		{5E13B76B-39D1-418A-9B68-13AB4D6ECA5E}.Debug|x86.Build.0 = Debug|Any CPU
		{5E13B76B-39D1-418A-9B68-13AB4D6ECA5E}.Release|Any CPU.ActiveCfg = Release|Any CPU
		{5E13B76B-39D1-418A-9B68-13AB4D6ECA5E}.Release|Any CPU.Build.0 = Release|Any CPU
		{5E13B76B-39D1-418A-9B68-13AB4D6ECA5E}.Release|x64.ActiveCfg = Release|Any CPU
		{5E13B76B-39D1-418A-9B68-13AB4D6ECA5E}.Release|x64.Build.0 = Release|Any CPU
		{5E13B76B-39D1-418A-9B68-13AB4D6ECA5E}.Release|x86.ActiveCfg = Release|Any CPU
		{5E13B76B-39D1-418A-9B68-13AB4D6ECA5E}.Release|x86.Build.0 = Release|Any CPU
		{F748E079-F683-4151-8E8D-B6FBD976C45B}.Debug|Any CPU.ActiveCfg = Debug|Any CPU
		{F748E079-F683-4151-8E8D-B6FBD976C45B}.Debug|Any CPU.Build.0 = Debug|Any CPU
		{F748E079-F683-4151-8E8D-B6FBD976C45B}.Debug|x64.ActiveCfg = Debug|Any CPU
		{F748E079-F683-4151-8E8D-B6FBD976C45B}.Debug|x64.Build.0 = Debug|Any CPU
		{F748E079-F683-4151-8E8D-B6FBD976C45B}.Debug|x86.ActiveCfg = Debug|Any CPU
		{F748E079-F683-4151-8E8D-B6FBD976C45B}.Debug|x86.Build.0 = Debug|Any CPU
		{F748E079-F683-4151-8E8D-B6FBD976C45B}.Release|Any CPU.ActiveCfg = Release|Any CPU
		{F748E079-F683-4151-8E8D-B6FBD976C45B}.Release|Any CPU.Build.0 = Release|Any CPU
		{F748E079-F683-4151-8E8D-B6FBD976C45B}.Release|x64.ActiveCfg = Release|Any CPU
		{F748E079-F683-4151-8E8D-B6FBD976C45B}.Release|x64.Build.0 = Release|Any CPU
		{F748E079-F683-4151-8E8D-B6FBD976C45B}.Release|x86.ActiveCfg = Release|Any CPU
		{F748E079-F683-4151-8E8D-B6FBD976C45B}.Release|x86.Build.0 = Release|Any CPU
		{5B0AAE4C-799E-459C-B34B-2059050A0637}.Debug|Any CPU.ActiveCfg = Debug|Any CPU
		{5B0AAE4C-799E-459C-B34B-2059050A0637}.Debug|Any CPU.Build.0 = Debug|Any CPU
		{5B0AAE4C-799E-459C-B34B-2059050A0637}.Debug|x64.ActiveCfg = Debug|Any CPU
		{5B0AAE4C-799E-459C-B34B-2059050A0637}.Debug|x64.Build.0 = Debug|Any CPU
		{5B0AAE4C-799E-459C-B34B-2059050A0637}.Debug|x86.ActiveCfg = Debug|Any CPU
		{5B0AAE4C-799E-459C-B34B-2059050A0637}.Debug|x86.Build.0 = Debug|Any CPU
		{5B0AAE4C-799E-459C-B34B-2059050A0637}.Release|Any CPU.ActiveCfg = Release|Any CPU
		{5B0AAE4C-799E-459C-B34B-2059050A0637}.Release|Any CPU.Build.0 = Release|Any CPU
		{5B0AAE4C-799E-459C-B34B-2059050A0637}.Release|x64.ActiveCfg = Release|Any CPU
		{5B0AAE4C-799E-459C-B34B-2059050A0637}.Release|x64.Build.0 = Release|Any CPU
		{5B0AAE4C-799E-459C-B34B-2059050A0637}.Release|x86.ActiveCfg = Release|Any CPU
		{5B0AAE4C-799E-459C-B34B-2059050A0637}.Release|x86.Build.0 = Release|Any CPU
	EndGlobalSection
	GlobalSection(SolutionProperties) = preSolution
		HideSolutionNode = FALSE
	EndGlobalSection
	GlobalSection(NestedProjects) = preSolution
		{69816601-22C3-45E5-A059-A062648ECB0C} = {827E0CD3-B72D-47B6-A68D-7590B98EB39B}
		{5E13B76B-39D1-418A-9B68-13AB4D6ECA5E} = {827E0CD3-B72D-47B6-A68D-7590B98EB39B}
		{F748E079-F683-4151-8E8D-B6FBD976C45B} = {827E0CD3-B72D-47B6-A68D-7590B98EB39B}
		{5B0AAE4C-799E-459C-B34B-2059050A0637} = {827E0CD3-B72D-47B6-A68D-7590B98EB39B}
	EndGlobalSection
EndGlobal
